// !$*UTF8*$!
{
	archiveVersion = 1;
	classes = {
	};
	objectVersion = 50;
	objects = {

/* Begin PBXBuildFile section */
		655D064325E8E46C0084845E /* AppDelegate.swift in Sources */ = {isa = PBXBuildFile; fileRef = 655D064225E8E46C0084845E /* AppDelegate.swift */; };
		655D064525E8E46C0084845E /* ViewController.swift in Sources */ = {isa = PBXBuildFile; fileRef = 655D064425E8E46C0084845E /* ViewController.swift */; };
		655D064725E8E46F0084845E /* Assets.xcassets in Resources */ = {isa = PBXBuildFile; fileRef = 655D064625E8E46F0084845E /* Assets.xcassets */; };
		655D064A25E8E46F0084845E /* Main.storyboard in Resources */ = {isa = PBXBuildFile; fileRef = 655D064825E8E46F0084845E /* Main.storyboard */; };
		655D065625E8E46F0084845E /* prjct2Tests.swift in Sources */ = {isa = PBXBuildFile; fileRef = 655D065525E8E46F0084845E /* prjct2Tests.swift */; };
		655D066125E8E46F0084845E /* prjct2UITests.swift in Sources */ = {isa = PBXBuildFile; fileRef = 655D066025E8E46F0084845E /* prjct2UITests.swift */; };
/* End PBXBuildFile section */

/* Begin PBXContainerItemProxy section */
		655D065225E8E46F0084845E /* PBXContainerItemProxy */ = {
			isa = PBXContainerItemProxy;
			containerPortal = 655D063725E8E46C0084845E /* Project object */;
			proxyType = 1;
			remoteGlobalIDString = 655D063E25E8E46C0084845E;
			remoteInfo = prjct2;
		};
		655D065D25E8E46F0084845E /* PBXContainerItemProxy */ = {
			isa = PBXContainerItemProxy;
			containerPortal = 655D063725E8E46C0084845E /* Project object */;
			proxyType = 1;
			remoteGlobalIDString = 655D063E25E8E46C0084845E;
			remoteInfo = prjct2;
		};
/* End PBXContainerItemProxy section */

/* Begin PBXFileReference section */
		655D063F25E8E46C0084845E /* prjct2.app */ = {isa = PBXFileReference; explicitFileType = wrapper.application; includeInIndex = 0; path = prjct2.app; sourceTree = BUILT_PRODUCTS_DIR; };
		655D064225E8E46C0084845E /* AppDelegate.swift */ = {isa = PBXFileReference; lastKnownFileType = sourcecode.swift; path = AppDelegate.swift; sourceTree = "<group>"; };
		655D064425E8E46C0084845E /* ViewController.swift */ = {isa = PBXFileReference; lastKnownFileType = sourcecode.swift; path = ViewController.swift; sourceTree = "<group>"; };
		655D064625E8E46F0084845E /* Assets.xcassets */ = {isa = PBXFileReference; lastKnownFileType = folder.assetcatalog; path = Assets.xcassets; sourceTree = "<group>"; };
		655D064925E8E46F0084845E /* Base */ = {isa = PBXFileReference; lastKnownFileType = file.storyboard; name = Base; path = Base.lproj/Main.storyboard; sourceTree = "<group>"; };
		655D064B25E8E46F0084845E /* Info.plist */ = {isa = PBXFileReference; lastKnownFileType = text.plist.xml; path = Info.plist; sourceTree = "<group>"; };
		655D064C25E8E46F0084845E /* prjct2.entitlements */ = {isa = PBXFileReference; lastKnownFileType = text.plist.entitlements; path = prjct2.entitlements; sourceTree = "<group>"; };
		655D065125E8E46F0084845E /* prjct2Tests.xctest */ = {isa = PBXFileReference; explicitFileType = wrapper.cfbundle; includeInIndex = 0; path = prjct2Tests.xctest; sourceTree = BUILT_PRODUCTS_DIR; };
		655D065525E8E46F0084845E /* prjct2Tests.swift */ = {isa = PBXFileReference; lastKnownFileType = sourcecode.swift; path = prjct2Tests.swift; sourceTree = "<group>"; };
		655D065725E8E46F0084845E /* Info.plist */ = {isa = PBXFileReference; lastKnownFileType = text.plist.xml; path = Info.plist; sourceTree = "<group>"; };
		655D065C25E8E46F0084845E /* prjct2UITests.xctest */ = {isa = PBXFileReference; explicitFileType = wrapper.cfbundle; includeInIndex = 0; path = prjct2UITests.xctest; sourceTree = BUILT_PRODUCTS_DIR; };
		655D066025E8E46F0084845E /* prjct2UITests.swift */ = {isa = PBXFileReference; lastKnownFileType = sourcecode.swift; path = prjct2UITests.swift; sourceTree = "<group>"; };
		655D066225E8E46F0084845E /* Info.plist */ = {isa = PBXFileReference; lastKnownFileType = text.plist.xml; path = Info.plist; sourceTree = "<group>"; };
		655D067125E8E4E70084845E /* plgr2.playground */ = {isa = PBXFileReference; lastKnownFileType = file.playground; name = plgr2.playground; path = "../../Library/Autosave Information/plgr2.playground"; sourceTree = "<group>"; xcLanguageSpecificationIdentifier = xcode.lang.swift; };
/* End PBXFileReference section */

/* Begin PBXFrameworksBuildPhase section */
		655D063C25E8E46C0084845E /* Frameworks */ = {
			isa = PBXFrameworksBuildPhase;
			buildActionMask = 2147483647;
			files = (
			);
			runOnlyForDeploymentPostprocessing = 0;
		};
		655D064E25E8E46F0084845E /* Frameworks */ = {
			isa = PBXFrameworksBuildPhase;
			buildActionMask = 2147483647;
			files = (
			);
			runOnlyForDeploymentPostprocessing = 0;
		};
		655D065925E8E46F0084845E /* Frameworks */ = {
			isa = PBXFrameworksBuildPhase;
			buildActionMask = 2147483647;
			files = (
			);
			runOnlyForDeploymentPostprocessing = 0;
		};
/* End PBXFrameworksBuildPhase section */

/* Begin PBXGroup section */
		655D063625E8E46C0084845E = {
			isa = PBXGroup;
			children = (
				655D067125E8E4E70084845E /* plgr2.playground */,
				655D064125E8E46C0084845E /* prjct2 */,
				655D065425E8E46F0084845E /* prjct2Tests */,
				655D065F25E8E46F0084845E /* prjct2UITests */,
				655D064025E8E46C0084845E /* Products */,
			);
			sourceTree = "<group>";
		};
		655D064025E8E46C0084845E /* Products */ = {
			isa = PBXGroup;
			children = (
				655D063F25E8E46C0084845E /* prjct2.app */,
				655D065125E8E46F0084845E /* prjct2Tests.xctest */,
				655D065C25E8E46F0084845E /* prjct2UITests.xctest */,
			);
			name = Products;
			sourceTree = "<group>";
		};
		655D064125E8E46C0084845E /* prjct2 */ = {
			isa = PBXGroup;
			children = (
				655D064225E8E46C0084845E /* AppDelegate.swift */,
				655D064425E8E46C0084845E /* ViewController.swift */,
				655D064625E8E46F0084845E /* Assets.xcassets */,
				655D064825E8E46F0084845E /* Main.storyboard */,
				655D064B25E8E46F0084845E /* Info.plist */,
				655D064C25E8E46F0084845E /* prjct2.entitlements */,
			);
			path = prjct2;
			sourceTree = "<group>";
		};
		655D065425E8E46F0084845E /* prjct2Tests */ = {
			isa = PBXGroup;
			children = (
				655D065525E8E46F0084845E /* prjct2Tests.swift */,
				655D065725E8E46F0084845E /* Info.plist */,
			);
			path = prjct2Tests;
			sourceTree = "<group>";
		};
		655D065F25E8E46F0084845E /* prjct2UITests */ = {
			isa = PBXGroup;
			children = (
				655D066025E8E46F0084845E /* prjct2UITests.swift */,
				655D066225E8E46F0084845E /* Info.plist */,
			);
			path = prjct2UITests;
			sourceTree = "<group>";
		};
/* End PBXGroup section */

/* Begin PBXNativeTarget section */
		655D063E25E8E46C0084845E /* prjct2 */ = {
			isa = PBXNativeTarget;
			buildConfigurationList = 655D066525E8E46F0084845E /* Build configuration list for PBXNativeTarget "prjct2" */;
			buildPhases = (
				655D063B25E8E46C0084845E /* Sources */,
				655D063C25E8E46C0084845E /* Frameworks */,
				655D063D25E8E46C0084845E /* Resources */,
			);
			buildRules = (
			);
			dependencies = (
			);
			name = prjct2;
			productName = prjct2;
			productReference = 655D063F25E8E46C0084845E /* prjct2.app */;
			productType = "com.apple.product-type.application";
		};
		655D065025E8E46F0084845E /* prjct2Tests */ = {
			isa = PBXNativeTarget;
			buildConfigurationList = 655D066825E8E46F0084845E /* Build configuration list for PBXNativeTarget "prjct2Tests" */;
			buildPhases = (
				655D064D25E8E46F0084845E /* Sources */,
				655D064E25E8E46F0084845E /* Frameworks */,
				655D064F25E8E46F0084845E /* Resources */,
			);
			buildRules = (
			);
			dependencies = (
				655D065325E8E46F0084845E /* PBXTargetDependency */,
			);
			name = prjct2Tests;
			productName = prjct2Tests;
			productReference = 655D065125E8E46F0084845E /* prjct2Tests.xctest */;
			productType = "com.apple.product-type.bundle.unit-test";
		};
		655D065B25E8E46F0084845E /* prjct2UITests */ = {
			isa = PBXNativeTarget;
			buildConfigurationList = 655D066B25E8E46F0084845E /* Build configuration list for PBXNativeTarget "prjct2UITests" */;
			buildPhases = (
				655D065825E8E46F0084845E /* Sources */,
				655D065925E8E46F0084845E /* Frameworks */,
				655D065A25E8E46F0084845E /* Resources */,
			);
			buildRules = (
			);
			dependencies = (
				655D065E25E8E46F0084845E /* PBXTargetDependency */,
			);
			name = prjct2UITests;
			productName = prjct2UITests;
			productReference = 655D065C25E8E46F0084845E /* prjct2UITests.xctest */;
			productType = "com.apple.product-type.bundle.ui-testing";
		};
/* End PBXNativeTarget section */

/* Begin PBXProject section */
		655D063725E8E46C0084845E /* Project object */ = {
			isa = PBXProject;
			attributes = {
				LastSwiftUpdateCheck = 1230;
				LastUpgradeCheck = 1230;
				TargetAttributes = {
					655D063E25E8E46C0084845E = {
						CreatedOnToolsVersion = 12.3;
					};
					655D065025E8E46F0084845E = {
						CreatedOnToolsVersion = 12.3;
						TestTargetID = 655D063E25E8E46C0084845E;
					};
					655D065B25E8E46F0084845E = {
						CreatedOnToolsVersion = 12.3;
						TestTargetID = 655D063E25E8E46C0084845E;
					};
				};
			};
			buildConfigurationList = 655D063A25E8E46C0084845E /* Build configuration list for PBXProject "prjct2" */;
			compatibilityVersion = "Xcode 9.3";
			developmentRegion = en;
			hasScannedForEncodings = 0;
			knownRegions = (
				en,
				Base,
			);
			mainGroup = 655D063625E8E46C0084845E;
			productRefGroup = 655D064025E8E46C0084845E /* Products */;
			projectDirPath = "";
			projectRoot = "";
			targets = (
				655D063E25E8E46C0084845E /* prjct2 */,
				655D065025E8E46F0084845E /* prjct2Tests */,
				655D065B25E8E46F0084845E /* prjct2UITests */,
			);
		};
/* End PBXProject section */

/* Begin PBXResourcesBuildPhase section */
		655D063D25E8E46C0084845E /* Resources */ = {
			isa = PBXResourcesBuildPhase;
			buildActionMask = 2147483647;
			files = (
				655D064725E8E46F0084845E /* Assets.xcassets in Resources */,
				655D064A25E8E46F0084845E /* Main.storyboard in Resources */,
			);
			runOnlyForDeploymentPostprocessing = 0;
		};
		655D064F25E8E46F0084845E /* Resources */ = {
			isa = PBXResourcesBuildPhase;
			buildActionMask = 2147483647;
			files = (
			);
			runOnlyForDeploymentPostprocessing = 0;
		};
		655D065A25E8E46F0084845E /* Resources */ = {
			isa = PBXResourcesBuildPhase;
			buildActionMask = 2147483647;
			files = (
			);
			runOnlyForDeploymentPostprocessing = 0;
		};
/* End PBXResourcesBuildPhase section */

/* Begin PBXSourcesBuildPhase section */
		655D063B25E8E46C0084845E /* Sources */ = {
			isa = PBXSourcesBuildPhase;
			buildActionMask = 2147483647;
			files = (
				655D064525E8E46C0084845E /* ViewController.swift in Sources */,
				655D064325E8E46C0084845E /* AppDelegate.swift in Sources */,
			);
			runOnlyForDeploymentPostprocessing = 0;
		};
		655D064D25E8E46F0084845E /* Sources */ = {
			isa = PBXSourcesBuildPhase;
			buildActionMask = 2147483647;
			files = (
				655D065625E8E46F0084845E /* prjct2Tests.swift in Sources */,
			);
			runOnlyForDeploymentPostprocessing = 0;
		};
		655D065825E8E46F0084845E /* Sources */ = {
			isa = PBXSourcesBuildPhase;
			buildActionMask = 2147483647;
			files = (
				655D066125E8E46F0084845E /* prjct2UITests.swift in Sources */,
			);
			runOnlyForDeploymentPostprocessing = 0;
		};
/* End PBXSourcesBuildPhase section */

/* Begin PBXTargetDependency section */
		655D065325E8E46F0084845E /* PBXTargetDependency */ = {
			isa = PBXTargetDependency;
			target = 655D063E25E8E46C0084845E /* prjct2 */;
			targetProxy = 655D065225E8E46F0084845E /* PBXContainerItemProxy */;
		};
		655D065E25E8E46F0084845E /* PBXTargetDependency */ = {
			isa = PBXTargetDependency;
			target = 655D063E25E8E46C0084845E /* prjct2 */;
			targetProxy = 655D065D25E8E46F0084845E /* PBXContainerItemProxy */;
		};
/* End PBXTargetDependency section */

/* Begin PBXVariantGroup section */
		655D064825E8E46F0084845E /* Main.storyboard */ = {
			isa = PBXVariantGroup;
			children = (
				655D064925E8E46F0084845E /* Base */,
			);
			name = Main.storyboard;
			sourceTree = "<group>";
		};
/* End PBXVariantGroup section */

/* Begin XCBuildConfiguration section */
		655D066325E8E46F0084845E /* Debug */ = {
			isa = XCBuildConfiguration;
			buildSettings = {
				ALWAYS_SEARCH_USER_PATHS = NO;
				CLANG_ANALYZER_NONNULL = YES;
				CLANG_ANALYZER_NUMBER_OBJECT_CONVERSION = YES_AGGRESSIVE;
				CLANG_CXX_LANGUAGE_STANDARD = "gnu++14";
				CLANG_CXX_LIBRARY = "libc++";
				CLANG_ENABLE_MODULES = YES;
				CLANG_ENABLE_OBJC_ARC = YES;
				CLANG_ENABLE_OBJC_WEAK = YES;
				CLANG_WARN_BLOCK_CAPTURE_AUTORELEASING = YES;
				CLANG_WARN_BOOL_CONVERSION = YES;
				CLANG_WARN_COMMA = YES;
				CLANG_WARN_CONSTANT_CONVERSION = YES;
				CLANG_WARN_DEPRECATED_OBJC_IMPLEMENTATIONS = YES;
				CLANG_WARN_DIRECT_OBJC_ISA_USAGE = YES_ERROR;
				CLANG_WARN_DOCUMENTATION_COMMENTS = YES;
				CLANG_WARN_EMPTY_BODY = YES;
				CLANG_WARN_ENUM_CONVERSION = YES;
				CLANG_WARN_INFINITE_RECURSION = YES;
				CLANG_WARN_INT_CONVERSION = YES;
				CLANG_WARN_NON_LITERAL_NULL_CONVERSION = YES;
				CLANG_WARN_OBJC_IMPLICIT_RETAIN_SELF = YES;
				CLANG_WARN_OBJC_LITERAL_CONVERSION = YES;
				CLANG_WARN_OBJC_ROOT_CLASS = YES_ERROR;
				CLANG_WARN_QUOTED_INCLUDE_IN_FRAMEWORK_HEADER = YES;
				CLANG_WARN_RANGE_LOOP_ANALYSIS = YES;
				CLANG_WARN_STRICT_PROTOTYPES = YES;
				CLANG_WARN_SUSPICIOUS_MOVE = YES;
				CLANG_WARN_UNGUARDED_AVAILABILITY = YES_AGGRESSIVE;
				CLANG_WARN_UNREACHABLE_CODE = YES;
				CLANG_WARN__DUPLICATE_METHOD_MATCH = YES;
				COPY_PHASE_STRIP = NO;
				DEBUG_INFORMATION_FORMAT = dwarf;
				ENABLE_STRICT_OBJC_MSGSEND = YES;
				ENABLE_TESTABILITY = YES;
				GCC_C_LANGUAGE_STANDARD = gnu11;
				GCC_DYNAMIC_NO_PIC = NO;
				GCC_NO_COMMON_BLOCKS = YES;
				GCC_OPTIMIZATION_LEVEL = 0;
				GCC_PREPROCESSOR_DEFINITIONS = (
					"DEBUG=1",
					"$(inherited)",
				);
				GCC_WARN_64_TO_32_BIT_CONVERSION = YES;
				GCC_WARN_ABOUT_RETURN_TYPE = YES_ERROR;
				GCC_WARN_UNDECLARED_SELECTOR = YES;
				GCC_WARN_UNINITIALIZED_AUTOS = YES_AGGRESSIVE;
				GCC_WARN_UNUSED_FUNCTION = YES;
				GCC_WARN_UNUSED_VARIABLE = YES;
				MACOSX_DEPLOYMENT_TARGET = 10.15;
				MTL_ENABLE_DEBUG_INFO = INCLUDE_SOURCE;
				MTL_FAST_MATH = YES;
				ONLY_ACTIVE_ARCH = YES;
				SDKROOT = macosx;
				SWIFT_ACTIVE_COMPILATION_CONDITIONS = DEBUG;
				SWIFT_OPTIMIZATION_LEVEL = "-Onone";
			};
			name = Debug;
		};
		655D066425E8E46F0084845E /* Release */ = {
			isa = XCBuildConfiguration;
			buildSettings = {
				ALWAYS_SEARCH_USER_PATHS = NO;
				CLANG_ANALYZER_NONNULL = YES;
				CLANG_ANALYZER_NUMBER_OBJECT_CONVERSION = YES_AGGRESSIVE;
				CLANG_CXX_LANGUAGE_STANDARD = "gnu++14";
				CLANG_CXX_LIBRARY = "libc++";
				CLANG_ENABLE_MODULES = YES;
				CLANG_ENABLE_OBJC_ARC = YES;
				CLANG_ENABLE_OBJC_WEAK = YES;
				CLANG_WARN_BLOCK_CAPTURE_AUTORELEASING = YES;
				CLANG_WARN_BOOL_CONVERSION = YES;
				CLANG_WARN_COMMA = YES;
				CLANG_WARN_CONSTANT_CONVERSION = YES;
				CLANG_WARN_DEPRECATED_OBJC_IMPLEMENTATIONS = YES;
				CLANG_WARN_DIRECT_OBJC_ISA_USAGE = YES_ERROR;
				CLANG_WARN_DOCUMENTATION_COMMENTS = YES;
				CLANG_WARN_EMPTY_BODY = YES;
				CLANG_WARN_ENUM_CONVERSION = YES;
				CLANG_WARN_INFINITE_RECURSION = YES;
				CLANG_WARN_INT_CONVERSION = YES;
				CLANG_WARN_NON_LITERAL_NULL_CONVERSION = YES;
				CLANG_WARN_OBJC_IMPLICIT_RETAIN_SELF = YES;
				CLANG_WARN_OBJC_LITERAL_CONVERSION = YES;
				CLANG_WARN_OBJC_ROOT_CLASS = YES_ERROR;
				CLANG_WARN_QUOTED_INCLUDE_IN_FRAMEWORK_HEADER = YES;
				CLANG_WARN_RANGE_LOOP_ANALYSIS = YES;
				CLANG_WARN_STRICT_PROTOTYPES = YES;
				CLANG_WARN_SUSPICIOUS_MOVE = YES;
				CLANG_WARN_UNGUARDED_AVAILABILITY = YES_AGGRESSIVE;
				CLANG_WARN_UNREACHABLE_CODE = YES;
				CLANG_WARN__DUPLICATE_METHOD_MATCH = YES;
				COPY_PHASE_STRIP = NO;
				DEBUG_INFORMATION_FORMAT = "dwarf-with-dsym";
				ENABLE_NS_ASSERTIONS = NO;
				ENABLE_STRICT_OBJC_MSGSEND = YES;
				GCC_C_LANGUAGE_STANDARD = gnu11;
				GCC_NO_COMMON_BLOCKS = YES;
				GCC_WARN_64_TO_32_BIT_CONVERSION = YES;
				GCC_WARN_ABOUT_RETURN_TYPE = YES_ERROR;
				GCC_WARN_UNDECLARED_SELECTOR = YES;
				GCC_WARN_UNINITIALIZED_AUTOS = YES_AGGRESSIVE;
				GCC_WARN_UNUSED_FUNCTION = YES;
				GCC_WARN_UNUSED_VARIABLE = YES;
				MACOSX_DEPLOYMENT_TARGET = 10.15;
				MTL_ENABLE_DEBUG_INFO = NO;
				MTL_FAST_MATH = YES;
				SDKROOT = macosx;
				SWIFT_COMPILATION_MODE = wholemodule;
				SWIFT_OPTIMIZATION_LEVEL = "-O";
			};
			name = Release;
		};
		655D066625E8E46F0084845E /* Debug */ = {
			isa = XCBuildConfiguration;
			buildSettings = {
				ASSETCATALOG_COMPILER_APPICON_NAME = AppIcon;
				ASSETCATALOG_COMPILER_GLOBAL_ACCENT_COLOR_NAME = AccentColor;
				CODE_SIGN_ENTITLEMENTS = prjct2/prjct2.entitlements;
				CODE_SIGN_STYLE = Automatic;
				COMBINE_HIDPI_IMAGES = YES;
				INFOPLIST_FILE = prjct2/Info.plist;
				LD_RUNPATH_SEARCH_PATHS = (
					"$(inherited)",
					"@executable_path/../Frameworks",
				);
				PRODUCT_BUNDLE_IDENTIFIER = MishGun.prjct2;
				PRODUCT_NAME = "$(TARGET_NAME)";
				SWIFT_VERSION = 5.0;
			};
			name = Debug;
		};
		655D066725E8E46F0084845E /* Release */ = {
			isa = XCBuildConfiguration;
			buildSettings = {
				ASSETCATALOG_COMPILER_APPICON_NAME = AppIcon;
				ASSETCATALOG_COMPILER_GLOBAL_ACCENT_COLOR_NAME = AccentColor;
				CODE_SIGN_ENTITLEMENTS = prjct2/prjct2.entitlements;
				CODE_SIGN_STYLE = Automatic;
				COMBINE_HIDPI_IMAGES = YES;
				INFOPLIST_FILE = prjct2/Info.plist;
				LD_RUNPATH_SEARCH_PATHS = (
					"$(inherited)",
					"@executable_path/../Frameworks",
				);
				PRODUCT_BUNDLE_IDENTIFIER = MishGun.prjct2;
				PRODUCT_NAME = "$(TARGET_NAME)";
				SWIFT_VERSION = 5.0;
			};
			name = Release;
		};
		655D066925E8E46F0084845E /* Debug */ = {
			isa = XCBuildConfiguration;
			buildSettings = {
				ALWAYS_EMBED_SWIFT_STANDARD_LIBRARIES = YES;
				BUNDLE_LOADER = "$(TEST_HOST)";
				CODE_SIGN_STYLE = Automatic;
				COMBINE_HIDPI_IMAGES = YES;
				INFOPLIST_FILE = prjct2Tests/Info.plist;
				LD_RUNPATH_SEARCH_PATHS = (
					"$(inherited)",
					"@executable_path/../Frameworks",
					"@loader_path/../Frameworks",
				);
				MACOSX_DEPLOYMENT_TARGET = 10.15;
				PRODUCT_BUNDLE_IDENTIFIER = Egor.prjct2Tests;
				PRODUCT_NAME = "$(TARGET_NAME)";
				SWIFT_VERSION = 5.0;
				TEST_HOST = "$(BUILT_PRODUCTS_DIR)/prjct2.app/Contents/MacOS/prjct2";
			};
			name = Debug;
		};
		655D066A25E8E46F0084845E /* Release */ = {
			isa = XCBuildConfiguration;
			buildSettings = {
				ALWAYS_EMBED_SWIFT_STANDARD_LIBRARIES = YES;
				BUNDLE_LOADER = "$(TEST_HOST)";
				CODE_SIGN_STYLE = Automatic;
				COMBINE_HIDPI_IMAGES = YES;
				INFOPLIST_FILE = prjct2Tests/Info.plist;
				LD_RUNPATH_SEARCH_PATHS = (
					"$(inherited)",
					"@executable_path/../Frameworks",
					"@loader_path/../Frameworks",
				);
				MACOSX_DEPLOYMENT_TARGET = 10.15;
				PRODUCT_BUNDLE_IDENTIFIER = Egor.prjct2Tests;
				PRODUCT_NAME = "$(TARGET_NAME)";
				SWIFT_VERSION = 5.0;
				TEST_HOST = "$(BUILT_PRODUCTS_DIR)/prjct2.app/Contents/MacOS/prjct2";
			};
			name = Release;
		};
		655D066C25E8E46F0084845E /* Debug */ = {
			isa = XCBuildConfiguration;
			buildSettings = {
				ALWAYS_EMBED_SWIFT_STANDARD_LIBRARIES = YES;
				CODE_SIGN_STYLE = Automatic;
				COMBINE_HIDPI_IMAGES = YES;
				INFOPLIST_FILE = prjct2UITests/Info.plist;
				LD_RUNPATH_SEARCH_PATHS = (
					"$(inherited)",
					"@executable_path/../Frameworks",
					"@loader_path/../Frameworks",
				);
				PRODUCT_BUNDLE_IDENTIFIER = Egor.prjct2UITests;
				PRODUCT_NAME = "$(TARGET_NAME)";
				SWIFT_VERSION = 5.0;
				TEST_TARGET_NAME = prjct2;
			};
			name = Debug;
		};
		655D066D25E8E46F0084845E /* Release */ = {
			isa = XCBuildConfiguration;
			buildSettings = {
				ALWAYS_EMBED_SWIFT_STANDARD_LIBRARIES = YES;
				CODE_SIGN_STYLE = Automatic;
				COMBINE_HIDPI_IMAGES = YES;
				INFOPLIST_FILE = prjct2UITests/Info.plist;
				LD_RUNPATH_SEARCH_PATHS = (
					"$(inherited)",
					"@executable_path/../Frameworks",
					"@loader_path/../Frameworks",
				);
				PRODUCT_BUNDLE_IDENTIFIER = Egor.prjct2UITests;
				PRODUCT_NAME = "$(TARGET_NAME)";
				SWIFT_VERSION = 5.0;
				TEST_TARGET_NAME = prjct2;
			};
			name = Release;
		};
/* End XCBuildConfiguration section */

/* Begin XCConfigurationList section */
		655D063A25E8E46C0084845E /* Build configuration list for PBXProject "prjct2" */ = {
			isa = XCConfigurationList;
			buildConfigurations = (
				655D066325E8E46F0084845E /* Debug */,
				655D066425E8E46F0084845E /* Release */,
			);
			defaultConfigurationIsVisible = 0;
			defaultConfigurationName = Release;
		};
		655D066525E8E46F0084845E /* Build configuration list for PBXNativeTarget "prjct2" */ = {
			isa = XCConfigurationList;
			buildConfigurations = (
				655D066625E8E46F0084845E /* Debug */,
				655D066725E8E46F0084845E /* Release */,
			);
			defaultConfigurationIsVisible = 0;
			defaultConfigurationName = Release;
		};
		655D066825E8E46F0084845E /* Build configuration list for PBXNativeTarget "prjct2Tests" */ = {
			isa = XCConfigurationList;
			buildConfigurations = (
				655D066925E8E46F0084845E /* Debug */,
				655D066A25E8E46F0084845E /* Release */,
			);
			defaultConfigurationIsVisible = 0;
			defaultConfigurationName = Release;
		};
		655D066B25E8E46F0084845E /* Build configuration list for PBXNativeTarget "prjct2UITests" */ = {
			isa = XCConfigurationList;
			buildConfigurations = (
				655D066C25E8E46F0084845E /* Debug */,
				655D066D25E8E46F0084845E /* Release */,
			);
			defaultConfigurationIsVisible = 0;
			defaultConfigurationName = Release;
		};
/* End XCConfigurationList section */
	};
	rootObject = 655D063725E8E46C0084845E /* Project object */;
}
